
Microsoft Visual Studio Solution File, Format Version 12.00
# Visual Studio Version 17
VisualStudioVersion = 17.1.32328.378
MinimumVisualStudioVersion = 10.0.40219.1
Project("{FAE04EC0-301F-11D3-BF4B-00C04F79EFBC}") = "UseMagamentAPI", "UseMagamentAPI\UseMagamentAPI.csproj", "{BF95F0AE-1942-4791-8FFC-219958DA3C56}"
EndProject
Global
	GlobalSection(SolutionConfigurationPlatforms) = preSolution
		Debug|Any CPU = Debug|Any CPU
		Release|Any CPU = Release|Any CPU
	EndGlobalSection
	GlobalSection(ProjectConfigurationPlatforms) = postSolution
		{BF95F0AE-1942-4791-8FFC-219958DA3C56}.Debug|Any CPU.ActiveCfg = Debug|Any CPU
		{BF95F0AE-1942-4791-8FFC-219958DA3C56}.Debug|Any CPU.Build.0 = Debug|Any CPU
		{BF95F0AE-1942-4791-8FFC-219958DA3C56}.Release|Any CPU.ActiveCfg = Release|Any CPU
		{BF95F0AE-1942-4791-8FFC-219958DA3C56}.Release|Any CPU.Build.0 = Release|Any CPU
	EndGlobalSection
	GlobalSection(SolutionProperties) = preSolution
		HideSolutionNode = FALSE
	EndGlobalSection
	GlobalSection(ExtensibilityGlobals) = postSolution
		SolutionGuid = {3437472C-2B05-4951-9427-E8B06EB66000}
	EndGlobalSection
EndGlobal
